
Microsoft Visual Studio Solution File, Format Version 12.00
# Visual Studio 15
VisualStudioVersion = 15.0.28307.106
MinimumVisualStudioVersion = 10.0.40219.1
Project("{FAE04EC0-301F-11D3-BF4B-00C04F79EFBC}") = "Login_Mirkos", "Login_Mirkos\Login_Mirkos.csproj", "{436345E8-EFF1-4073-AB4F-A4600807BC7A}"
EndProject
Global
	GlobalSection(SolutionConfigurationPlatforms) = preSolution
		Debug|Any CPU = Debug|Any CPU
		Release|Any CPU = Release|Any CPU
	EndGlobalSection
	GlobalSection(ProjectConfigurationPlatforms) = postSolution
		{436345E8-EFF1-4073-AB4F-A4600807BC7A}.Debug|Any CPU.ActiveCfg = Debug|Any CPU
		{436345E8-EFF1-4073-AB4F-A4600807BC7A}.Debug|Any CPU.Build.0 = Debug|Any CPU
		{436345E8-EFF1-4073-AB4F-A4600807BC7A}.Release|Any CPU.ActiveCfg = Release|Any CPU
		{436345E8-EFF1-4073-AB4F-A4600807BC7A}.Release|Any CPU.Build.0 = Release|Any CPU
	EndGlobalSection
	GlobalSection(SolutionProperties) = preSolution
		HideSolutionNode = FALSE
	EndGlobalSection
	GlobalSection(ExtensibilityGlobals) = postSolution
		SolutionGuid = {E19A45B6-8340-4108-950B-47A3E963D951}
	EndGlobalSection
EndGlobal
